Microsoft Visual Studio Solution File, Format Version 12.00
# Visual Studio 2013
VisualStudioVersion = 12.0.30723.0
MinimumVisualStudioVersion = 10.0.40219.1
Project("{2150E333-8FDC-42A3-9474-1A3956D46DE8}") = "Solution Items", "Solution Items", "{E11CC5F0-815F-436C-9A98-82E8C341404B}"
	ProjectSection(SolutionItems) = preProject
		LICENSE = LICENSE
		README.md = README.md
	EndProjectSection
EndProject
Project("{FAE04EC0-301F-11D3-BF4B-00C04F79EFBC}") = "Rackspace.Net.UriTemplate.net40-client", "Rackspace.Net.UriTemplate\Rackspace.Net.UriTemplate.net40-client.csproj", "{D5F52104-C34D-4877-9BF8-3EC57ABD99B5}"
EndProject
Project("{FAE04EC0-301F-11D3-BF4B-00C04F79EFBC}") = "Rackspace.Net.UriTemplate.net35-client", "Rackspace.Net.UriTemplate\Rackspace.Net.UriTemplate.net35-client.csproj", "{81C7E452-56D0-46B6-8F65-247B7F18C2BD}"
EndProject
Project("{FAE04EC0-301F-11D3-BF4B-00C04F79EFBC}") = "Rackspace.Net.UriTemplate.portable-net40", "Rackspace.Net.UriTemplate\Rackspace.Net.UriTemplate.portable-net40.csproj", "{9ED13C7D-7082-4306-9E2D-E1919C436848}"
EndProject
Project("{7CF6DF6D-3B04-46F8-A40B-537D21BCA0B4}") = "Docs.UriTemplate.net40-client", "Docs.UriTemplate\Docs.UriTemplate.net40-client.shfbproj", "{A8BBFA32-324B-4DA0-BF0D-1CBFF6DA03DD}"
EndProject
Project("{7CF6DF6D-3B04-46F8-A40B-537D21BCA0B4}") = "Docs.UriTemplate.net35-client", "Docs.UriTemplate\Docs.UriTemplate.net35-client.shfbproj", "{CC7F0F12-4736-43C3-A0C0-722875504053}"
EndProject
Project("{7CF6DF6D-3B04-46F8-A40B-537D21BCA0B4}") = "Docs.UriTemplate.portable-net40", "Docs.UriTemplate\Docs.UriTemplate.portable-net40.shfbproj", "{BBE164AD-5FE2-4E95-BA24-82784844F349}"
EndProject
Project("{FAE04EC0-301F-11D3-BF4B-00C04F79EFBC}") = "Testing.Rfc6570.net35-client", "Testing.Rfc6570\Testing.Rfc6570.net35-client.csproj", "{3A85CCB8-5F1A-4C4A-92D6-56095E3C0DDB}"
EndProject
Project("{FAE04EC0-301F-11D3-BF4B-00C04F79EFBC}") = "Testing.Rfc6570.net40-client", "Testing.Rfc6570\Testing.Rfc6570.net40-client.csproj", "{DED3C364-37C4-4A9F-95E8-24ED7098BD78}"
EndProject
Project("{FAE04EC0-301F-11D3-BF4B-00C04F79EFBC}") = "Testing.Rfc6570.portable-net40", "Testing.Rfc6570\Testing.Rfc6570.portable-net40.csproj", "{A7607867-5464-4ED6-8063-79DE8D83DEC0}"
EndProject
Project("{2150E333-8FDC-42A3-9474-1A3956D46DE8}") = "Build", "Build", "{2A61245F-738C-4F4A-9D62-FFAA026297CA}"
	ProjectSection(SolutionItems) = preProject
		Build\build.ps1 = Build\build.ps1
		Build\push.ps1 = Build\push.ps1
		Build\version.ps1 = Build\version.ps1
	EndProjectSection
EndProject
Project("{2150E333-8FDC-42A3-9474-1A3956D46DE8}") = "Docs", "Docs", "{7404E366-5516-416A-A8C3-A6AD26249F6A}"
EndProject
Project("{2150E333-8FDC-42A3-9474-1A3956D46DE8}") = "Tests", "Tests", "{6AD50F32-E954-4414-BE81-686C01B33084}"
EndProject
Global
	GlobalSection(SolutionConfigurationPlatforms) = preSolution
		Debug|Any CPU = Debug|Any CPU
		Release|Any CPU = Release|Any CPU
		ReleaseNoDocs|Any CPU = ReleaseNoDocs|Any CPU
	EndGlobalSection
	GlobalSection(ProjectConfigurationPlatforms) = postSolution
		{D5F52104-C34D-4877-9BF8-3EC57ABD99B5}.Debug|Any CPU.ActiveCfg = Debug|Any CPU
		{D5F52104-C34D-4877-9BF8-3EC57ABD99B5}.Debug|Any CPU.Build.0 = Debug|Any CPU
		{D5F52104-C34D-4877-9BF8-3EC57ABD99B5}.Release|Any CPU.ActiveCfg = Release|Any CPU
		{D5F52104-C34D-4877-9BF8-3EC57ABD99B5}.Release|Any CPU.Build.0 = Release|Any CPU
		{D5F52104-C34D-4877-9BF8-3EC57ABD99B5}.ReleaseNoDocs|Any CPU.ActiveCfg = Release|Any CPU
		{D5F52104-C34D-4877-9BF8-3EC57ABD99B5}.ReleaseNoDocs|Any CPU.Build.0 = Release|Any CPU
		{81C7E452-56D0-46B6-8F65-247B7F18C2BD}.Debug|Any CPU.ActiveCfg = Debug|Any CPU
		{81C7E452-56D0-46B6-8F65-247B7F18C2BD}.Debug|Any CPU.Build.0 = Debug|Any CPU
		{81C7E452-56D0-46B6-8F65-247B7F18C2BD}.Release|Any CPU.ActiveCfg = Release|Any CPU
		{81C7E452-56D0-46B6-8F65-247B7F18C2BD}.Release|Any CPU.Build.0 = Release|Any CPU
		{81C7E452-56D0-46B6-8F65-247B7F18C2BD}.ReleaseNoDocs|Any CPU.ActiveCfg = Release|Any CPU
		{81C7E452-56D0-46B6-8F65-247B7F18C2BD}.ReleaseNoDocs|Any CPU.Build.0 = Release|Any CPU
		{9ED13C7D-7082-4306-9E2D-E1919C436848}.Debug|Any CPU.ActiveCfg = Debug|Any CPU
		{9ED13C7D-7082-4306-9E2D-E1919C436848}.Debug|Any CPU.Build.0 = Debug|Any CPU
		{9ED13C7D-7082-4306-9E2D-E1919C436848}.Release|Any CPU.ActiveCfg = Release|Any CPU
		{9ED13C7D-7082-4306-9E2D-E1919C436848}.Release|Any CPU.Build.0 = Release|Any CPU
		{9ED13C7D-7082-4306-9E2D-E1919C436848}.ReleaseNoDocs|Any CPU.ActiveCfg = Release|Any CPU
		{9ED13C7D-7082-4306-9E2D-E1919C436848}.ReleaseNoDocs|Any CPU.Build.0 = Release|Any CPU
		{A8BBFA32-324B-4DA0-BF0D-1CBFF6DA03DD}.Debug|Any CPU.ActiveCfg = Debug|Any CPU
		{A8BBFA32-324B-4DA0-BF0D-1CBFF6DA03DD}.Release|Any CPU.ActiveCfg = Release|Any CPU
		{A8BBFA32-324B-4DA0-BF0D-1CBFF6DA03DD}.Release|Any CPU.Build.0 = Release|Any CPU
		{A8BBFA32-324B-4DA0-BF0D-1CBFF6DA03DD}.ReleaseNoDocs|Any CPU.ActiveCfg = Release|Any CPU
		{CC7F0F12-4736-43C3-A0C0-722875504053}.Debug|Any CPU.ActiveCfg = Debug|Any CPU
		{CC7F0F12-4736-43C3-A0C0-722875504053}.Release|Any CPU.ActiveCfg = Release|Any CPU
		{CC7F0F12-4736-43C3-A0C0-722875504053}.Release|Any CPU.Build.0 = Release|Any CPU
		{CC7F0F12-4736-43C3-A0C0-722875504053}.ReleaseNoDocs|Any CPU.ActiveCfg = Release|Any CPU
		{BBE164AD-5FE2-4E95-BA24-82784844F349}.Debug|Any CPU.ActiveCfg = Debug|Any CPU
		{BBE164AD-5FE2-4E95-BA24-82784844F349}.Release|Any CPU.ActiveCfg = Release|Any CPU
		{BBE164AD-5FE2-4E95-BA24-82784844F349}.Release|Any CPU.Build.0 = Release|Any CPU
		{BBE164AD-5FE2-4E95-BA24-82784844F349}.ReleaseNoDocs|Any CPU.ActiveCfg = Release|Any CPU
		{3A85CCB8-5F1A-4C4A-92D6-56095E3C0DDB}.Debug|Any CPU.ActiveCfg = Debug|Any CPU
		{3A85CCB8-5F1A-4C4A-92D6-56095E3C0DDB}.Debug|Any CPU.Build.0 = Debug|Any CPU
		{3A85CCB8-5F1A-4C4A-92D6-56095E3C0DDB}.Release|Any CPU.ActiveCfg = Release|Any CPU
		{3A85CCB8-5F1A-4C4A-92D6-56095E3C0DDB}.Release|Any CPU.Build.0 = Release|Any CPU
		{3A85CCB8-5F1A-4C4A-92D6-56095E3C0DDB}.ReleaseNoDocs|Any CPU.ActiveCfg = Release|Any CPU
		{3A85CCB8-5F1A-4C4A-92D6-56095E3C0DDB}.ReleaseNoDocs|Any CPU.Build.0 = Release|Any CPU
		{DED3C364-37C4-4A9F-95E8-24ED7098BD78}.Debug|Any CPU.ActiveCfg = Debug|Any CPU
		{DED3C364-37C4-4A9F-95E8-24ED7098BD78}.Debug|Any CPU.Build.0 = Debug|Any CPU
		{DED3C364-37C4-4A9F-95E8-24ED7098BD78}.Release|Any CPU.ActiveCfg = Release|Any CPU
		{DED3C364-37C4-4A9F-95E8-24ED7098BD78}.Release|Any CPU.Build.0 = Release|Any CPU
		{DED3C364-37C4-4A9F-95E8-24ED7098BD78}.ReleaseNoDocs|Any CPU.ActiveCfg = Release|Any CPU
		{DED3C364-37C4-4A9F-95E8-24ED7098BD78}.ReleaseNoDocs|Any CPU.Build.0 = Release|Any CPU
		{A7607867-5464-4ED6-8063-79DE8D83DEC0}.Debug|Any CPU.ActiveCfg = Debug|Any CPU
		{A7607867-5464-4ED6-8063-79DE8D83DEC0}.Debug|Any CPU.Build.0 = Debug|Any CPU
		{A7607867-5464-4ED6-8063-79DE8D83DEC0}.Release|Any CPU.ActiveCfg = Release|Any CPU
		{A7607867-5464-4ED6-8063-79DE8D83DEC0}.Release|Any CPU.Build.0 = Release|Any CPU
		{A7607867-5464-4ED6-8063-79DE8D83DEC0}.ReleaseNoDocs|Any CPU.ActiveCfg = Release|Any CPU
		{A7607867-5464-4ED6-8063-79DE8D83DEC0}.ReleaseNoDocs|Any CPU.Build.0 = Release|Any CPU
	EndGlobalSection
	GlobalSection(SolutionProperties) = preSolution
		HideSolutionNode = FALSE
	EndGlobalSection
	GlobalSection(NestedProjects) = preSolution
		{A8BBFA32-324B-4DA0-BF0D-1CBFF6DA03DD} = {7404E366-5516-416A-A8C3-A6AD26249F6A}
		{CC7F0F12-4736-43C3-A0C0-722875504053} = {7404E366-5516-416A-A8C3-A6AD26249F6A}
		{BBE164AD-5FE2-4E95-BA24-82784844F349} = {7404E366-5516-416A-A8C3-A6AD26249F6A}
		{3A85CCB8-5F1A-4C4A-92D6-56095E3C0DDB} = {6AD50F32-E954-4414-BE81-686C01B33084}
		{DED3C364-37C4-4A9F-95E8-24ED7098BD78} = {6AD50F32-E954-4414-BE81-686C01B33084}
		{A7607867-5464-4ED6-8063-79DE8D83DEC0} = {6AD50F32-E954-4414-BE81-686C01B33084}
	EndGlobalSection
EndGlobal
